
Microsoft Visual Studio Solution File, Format Version 12.00
# Visual Studio Version 17
VisualStudioVersion = 17.7.34003.232
MinimumVisualStudioVersion = 10.0.40219.1
Project("{FAE04EC0-301F-11D3-BF4B-00C04F79EFBC}") = "riot-reach-asp-core", "riot-reach-asp-core\riot-reach-asp-core.csproj", "{90E1AFF3-FE2D-4110-ADF8-D18F9E7F111D}"
EndProject
Global
	GlobalSection(SolutionConfigurationPlatforms) = preSolution
		Debug|Any CPU = Debug|Any CPU
		Release|Any CPU = Release|Any CPU
	EndGlobalSection
	GlobalSection(ProjectConfigurationPlatforms) = postSolution
		{90E1AFF3-FE2D-4110-ADF8-D18F9E7F111D}.Debug|Any CPU.ActiveCfg = Debug|Any CPU
		{90E1AFF3-FE2D-4110-ADF8-D18F9E7F111D}.Debug|Any CPU.Build.0 = Debug|Any CPU
		{90E1AFF3-FE2D-4110-ADF8-D18F9E7F111D}.Release|Any CPU.ActiveCfg = Release|Any CPU
		{90E1AFF3-FE2D-4110-ADF8-D18F9E7F111D}.Release|Any CPU.Build.0 = Release|Any CPU
	EndGlobalSection
	GlobalSection(SolutionProperties) = preSolution
		HideSolutionNode = FALSE
	EndGlobalSection
	GlobalSection(ExtensibilityGlobals) = postSolution
		SolutionGuid = {E6AF44C0-5A58-4030-9D81-7C81A1CB570C}
	EndGlobalSection
EndGlobal
